{
  "version": 4,
  "terraform_version": "1.8.4",
  "serial": 16,
  "lineage": "5af65afd-e501-b64e-5fb2-20e8fe3fb4b6",
  "outputs": {
    "aws_availability_zones": {
      "value": [
        "eu-west-1a",
        "eu-west-1b",
        "eu-west-1c"
      ],
      "type": [
        "list",
        "string"
      ]
    },
    "cidrbreakdown": {
      "value": [
        "10.0.5.0/25",
        "10.0.5.128/25"
      ],
      "type": [
        "list",
        "string"
      ]
    },
    "private_subnets": {
      "value": [
        "10.0.5.0/26",
        "10.0.5.64/27",
        "10.0.5.96/27"
      ],
      "type": [
        "list",
        "string"
      ]
    },
    "public_subnets": {
      "value": [
        "10.0.5.128/26",
        "10.0.5.192/27",
        "10.0.5.224/27"
      ],
      "type": [
        "list",
        "string"
      ]
    },
    "public_subnets_ids": {
      "value": "subnet-0900bbb0c46d4d740",
      "type": "string"
    },
    "publicipampools": {
      "value": "ipam-pool-07c1c1ec96a7d0865",
      "type": "string"
    }
  },
  "resources": [
    {
      "mode": "data",
      "type": "aws_availability_zones",
      "name": "current",
      "provider": "provider[\"registry.terraform.io/hashicorp/aws\"]",
      "instances": [
        {
          "schema_version": 0,
          "attributes": {
            "all_availability_zones": null,
            "exclude_names": null,
            "exclude_zone_ids": null,
            "filter": [
              {
                "name": "opt-in-status",
                "values": [
                  "opt-in-not-required"
                ]
              }
            ],
            "group_names": [
              "eu-west-1"
            ],
            "id": "eu-west-1",
            "names": [
              "eu-west-1a",
              "eu-west-1b",
              "eu-west-1c"
            ],
            "state": null,
            "timeouts": null,
            "zone_ids": [
              "euw1-az2",
              "euw1-az3",
              "euw1-az1"
            ]
          },
          "sensitive_attributes": []
        }
      ]
    },
    {
      "mode": "data",
      "type": "aws_region",
      "name": "current",
      "provider": "provider[\"registry.terraform.io/hashicorp/aws\"]",
      "instances": [
        {
          "schema_version": 0,
          "attributes": {
            "description": "Europe (Ireland)",
            "endpoint": "ec2.eu-west-1.amazonaws.com",
            "id": "eu-west-1",
            "name": "eu-west-1"
          },
          "sensitive_attributes": []
        }
      ]
    },
    {
      "mode": "data",
      "type": "aws_vpc_ipam_pool",
      "name": "fugropublicpool",
      "provider": "provider[\"registry.terraform.io/hashicorp/aws\"]",
      "instances": [
        {
          "schema_version": 0,
          "attributes": {
            "address_family": "ipv4",
            "allocation_default_netmask_length": 0,
            "allocation_max_netmask_length": 24,
            "allocation_min_netmask_length": 22,
            "allocation_resource_tags": {},
            "arn": "arn:aws:ec2::335184790956:ipam-pool/ipam-pool-07c1c1ec96a7d0865",
            "auto_import": false,
            "aws_service": "",
            "description": "public pool ireland",
            "filter": [
              {
                "name": "address-family",
                "values": [
                  "ipv4"
                ]
              },
              {
                "name": "description",
                "values": [
                  "public pool ireland"
                ]
              },
              {
                "name": "locale",
                "values": [
                  "eu-west-1"
                ]
              }
            ],
            "id": "ipam-pool-07c1c1ec96a7d0865",
            "ipam_pool_id": null,
            "ipam_scope_id": "ipam-scope-06c987b5cd6033a6c",
            "ipam_scope_type": "private",
            "locale": "eu-west-1",
            "pool_depth": 3,
            "publicly_advertisable": false,
            "source_ipam_pool_id": "ipam-pool-0386700a3051ba0aa",
            "state": "create-complete",
            "tags": {
              "Name": "ireland-public-pool"
            },
            "timeouts": null
          },
          "sensitive_attributes": []
        }
      ]
    },
    {
      "mode": "data",
      "type": "aws_vpc_ipam_preview_next_cidr",
      "name": "previewcidr",
      "provider": "provider[\"registry.terraform.io/hashicorp/aws\"]",
      "instances": [
        {
          "schema_version": 0,
          "attributes": {
            "cidr": "10.0.5.0/24",
            "disallowed_cidrs": null,
            "id": "10.0.5.0/24_ipam-pool-07c1c1ec96a7d0865",
            "ipam_pool_id": "ipam-pool-07c1c1ec96a7d0865",
            "netmask_length": 24,
            "timeouts": null
          },
          "sensitive_attributes": []
        }
      ]
    },
    {
      "mode": "managed",
      "type": "aws_eip",
      "name": "nat_eip",
      "provider": "provider[\"registry.terraform.io/hashicorp/aws\"]",
      "instances": [
        {
          "schema_version": 0,
          "attributes": {
            "address": null,
            "allocation_id": "eipalloc-097d2dcab75270307",
            "arn": "arn:aws:ec2:eu-west-1:335184790956:elastic-ip/eipalloc-097d2dcab75270307",
            "associate_with_private_ip": null,
            "association_id": "",
            "carrier_ip": "",
            "customer_owned_ip": "",
            "customer_owned_ipv4_pool": "",
            "domain": "vpc",
            "id": "eipalloc-097d2dcab75270307",
            "instance": "",
            "network_border_group": "eu-west-1",
            "network_interface": "",
            "private_dns": null,
            "private_ip": "",
            "ptr_record": "",
            "public_dns": "ec2-52-212-250-8.eu-west-1.compute.amazonaws.com",
            "public_ip": "52.212.250.8",
            "public_ipv4_pool": "amazon",
            "tags": null,
            "tags_all": {
              "environment": "Dev",
              "purpose": "tf-engine"
            },
            "timeouts": null,
            "vpc": true
          },
          "sensitive_attributes": [],
          "private": "eyJlMmJmYjczMC1lY2FhLTExZTYtOGY4OC0zNDM2M2JjN2M0YzAiOnsiZGVsZXRlIjoxODAwMDAwMDAwMDAsInJlYWQiOjkwMDAwMDAwMDAwMCwidXBkYXRlIjozMDAwMDAwMDAwMDB9fQ=="
        }
      ]
    },
    {
      "mode": "managed",
      "type": "aws_internet_gateway",
      "name": "internet_gateway",
      "provider": "provider[\"registry.terraform.io/hashicorp/aws\"]",
      "instances": [
        {
          "schema_version": 0,
          "attributes": {
            "arn": "arn:aws:ec2:eu-west-1:335184790956:internet-gateway/igw-0a865c70b984ffcf3",
            "id": "igw-0a865c70b984ffcf3",
            "owner_id": "335184790956",
            "tags": null,
            "tags_all": {
              "environment": "Dev",
              "purpose": "tf-engine"
            },
            "timeouts": null,
            "vpc_id": "vpc-020998d3fa3a78620"
          },
          "sensitive_attributes": [],
          "private": "eyJlMmJmYjczMC1lY2FhLTExZTYtOGY4OC0zNDM2M2JjN2M0YzAiOnsiY3JlYXRlIjoxMjAwMDAwMDAwMDAwLCJkZWxldGUiOjEyMDAwMDAwMDAwMDAsInVwZGF0ZSI6MTIwMDAwMDAwMDAwMH19",
          "dependencies": [
            "aws_vpc.public_vpc",
            "data.aws_region.current",
            "data.aws_vpc_ipam_pool.fugropublicpool",
            "data.aws_vpc_ipam_preview_next_cidr.previewcidr"
          ]
        }
      ]
    },
    {
      "mode": "managed",
      "type": "aws_nat_gateway",
      "name": "nat_gateway",
      "provider": "provider[\"registry.terraform.io/hashicorp/aws\"]",
      "instances": [
        {
          "schema_version": 0,
          "attributes": {
            "allocation_id": "eipalloc-097d2dcab75270307",
            "association_id": "eipassoc-0deb0da2780a9598e",
            "connectivity_type": "public",
            "id": "nat-04777e3a3f1804b1c",
            "network_interface_id": "eni-0c5bb55cb4b45220e",
            "private_ip": "10.0.5.150",
            "public_ip": "52.212.250.8",
            "secondary_allocation_ids": null,
            "secondary_private_ip_address_count": 0,
            "secondary_private_ip_addresses": [],
            "subnet_id": "subnet-0b260a8dec1c52963",
            "tags": null,
            "tags_all": {
              "environment": "Dev",
              "purpose": "tf-engine"
            },
            "timeouts": null
          },
          "sensitive_attributes": [],
          "private": "eyJlMmJmYjczMC1lY2FhLTExZTYtOGY4OC0zNDM2M2JjN2M0YzAiOnsiY3JlYXRlIjo2MDAwMDAwMDAwMDAsImRlbGV0ZSI6MTgwMDAwMDAwMDAwMCwidXBkYXRlIjo2MDAwMDAwMDAwMDB9fQ==",
          "dependencies": [
            "aws_eip.nat_eip",
            "aws_subnet.public_subnets",
            "aws_vpc.public_vpc",
            "data.aws_availability_zones.current",
            "data.aws_region.current",
            "data.aws_vpc_ipam_pool.fugropublicpool",
            "data.aws_vpc_ipam_preview_next_cidr.previewcidr"
          ]
        }
      ]
    },
    {
      "mode": "managed",
      "type": "aws_route",
      "name": "privateroute",
      "provider": "provider[\"registry.terraform.io/hashicorp/aws\"]",
      "instances": [
        {
          "schema_version": 0,
          "attributes": {
            "carrier_gateway_id": "",
            "core_network_arn": "",
            "destination_cidr_block": "0.0.0.0/0",
            "destination_ipv6_cidr_block": "",
            "destination_prefix_list_id": "",
            "egress_only_gateway_id": "",
            "gateway_id": "",
            "id": "r-rtb-08d6a7951d18a28a11080289494",
            "instance_id": "",
            "instance_owner_id": "",
            "local_gateway_id": "",
            "nat_gateway_id": "nat-04777e3a3f1804b1c",
            "network_interface_id": "",
            "origin": "CreateRoute",
            "route_table_id": "rtb-08d6a7951d18a28a1",
            "state": "active",
            "timeouts": null,
            "transit_gateway_id": "",
            "vpc_endpoint_id": "",
            "vpc_peering_connection_id": ""
          },
          "sensitive_attributes": [],
          "private": "eyJlMmJmYjczMC1lY2FhLTExZTYtOGY4OC0zNDM2M2JjN2M0YzAiOnsiY3JlYXRlIjozMDAwMDAwMDAwMDAsImRlbGV0ZSI6MzAwMDAwMDAwMDAwLCJ1cGRhdGUiOjEyMDAwMDAwMDAwMH19",
          "dependencies": [
            "aws_eip.nat_eip",
            "aws_nat_gateway.nat_gateway",
            "aws_route_table.private_route_table",
            "aws_subnet.public_subnets",
            "aws_vpc.public_vpc",
            "data.aws_availability_zones.current",
            "data.aws_region.current",
            "data.aws_vpc_ipam_pool.fugropublicpool",
            "data.aws_vpc_ipam_preview_next_cidr.previewcidr"
          ]
        }
      ]
    },
    {
      "mode": "managed",
      "type": "aws_route",
      "name": "public_route",
      "provider": "provider[\"registry.terraform.io/hashicorp/aws\"]",
      "instances": [
        {
          "schema_version": 0,
          "attributes": {
            "carrier_gateway_id": "",
            "core_network_arn": "",
            "destination_cidr_block": "0.0.0.0/0",
            "destination_ipv6_cidr_block": "",
            "destination_prefix_list_id": "",
            "egress_only_gateway_id": "",
            "gateway_id": "igw-0a865c70b984ffcf3",
            "id": "r-rtb-0579245c419390f0b1080289494",
            "instance_id": "",
            "instance_owner_id": "",
            "local_gateway_id": "",
            "nat_gateway_id": "",
            "network_interface_id": "",
            "origin": "CreateRoute",
            "route_table_id": "rtb-0579245c419390f0b",
            "state": "active",
            "timeouts": null,
            "transit_gateway_id": "",
            "vpc_endpoint_id": "",
            "vpc_peering_connection_id": ""
          },
          "sensitive_attributes": [],
          "private": "eyJlMmJmYjczMC1lY2FhLTExZTYtOGY4OC0zNDM2M2JjN2M0YzAiOnsiY3JlYXRlIjozMDAwMDAwMDAwMDAsImRlbGV0ZSI6MzAwMDAwMDAwMDAwLCJ1cGRhdGUiOjEyMDAwMDAwMDAwMH19",
          "dependencies": [
            "aws_internet_gateway.internet_gateway",
            "aws_route_table.public_route_table",
            "aws_vpc.public_vpc",
            "data.aws_region.current",
            "data.aws_vpc_ipam_pool.fugropublicpool",
            "data.aws_vpc_ipam_preview_next_cidr.previewcidr"
          ]
        }
      ]
    },
    {
      "mode": "managed",
      "type": "aws_route_table",
      "name": "private_route_table",
      "provider": "provider[\"registry.terraform.io/hashicorp/aws\"]",
      "instances": [
        {
          "schema_version": 0,
          "attributes": {
            "arn": "arn:aws:ec2:eu-west-1:335184790956:route-table/rtb-08d6a7951d18a28a1",
            "id": "rtb-08d6a7951d18a28a1",
            "owner_id": "335184790956",
            "propagating_vgws": [],
            "route": [],
            "tags": {
              "Name": "private-route-table"
            },
            "tags_all": {
              "Name": "private-route-table",
              "environment": "Dev",
              "purpose": "tf-engine"
            },
            "timeouts": null,
            "vpc_id": "vpc-020998d3fa3a78620"
          },
          "sensitive_attributes": [],
          "private": "eyJlMmJmYjczMC1lY2FhLTExZTYtOGY4OC0zNDM2M2JjN2M0YzAiOnsiY3JlYXRlIjozMDAwMDAwMDAwMDAsImRlbGV0ZSI6MzAwMDAwMDAwMDAwLCJ1cGRhdGUiOjEyMDAwMDAwMDAwMH19",
          "dependencies": [
            "aws_eip.nat_eip",
            "aws_nat_gateway.nat_gateway",
            "aws_subnet.public_subnets",
            "aws_vpc.public_vpc",
            "data.aws_availability_zones.current",
            "data.aws_region.current",
            "data.aws_vpc_ipam_pool.fugropublicpool",
            "data.aws_vpc_ipam_preview_next_cidr.previewcidr"
          ]
        }
      ]
    },
    {
      "mode": "managed",
      "type": "aws_route_table",
      "name": "public_route_table",
      "provider": "provider[\"registry.terraform.io/hashicorp/aws\"]",
      "instances": [
        {
          "schema_version": 0,
          "attributes": {
            "arn": "arn:aws:ec2:eu-west-1:335184790956:route-table/rtb-0579245c419390f0b",
            "id": "rtb-0579245c419390f0b",
            "owner_id": "335184790956",
            "propagating_vgws": [],
            "route": [],
            "tags": {
              "Name": "public-route-table"
            },
            "tags_all": {
              "Name": "public-route-table",
              "environment": "Dev",
              "purpose": "tf-engine"
            },
            "timeouts": null,
            "vpc_id": "vpc-020998d3fa3a78620"
          },
          "sensitive_attributes": [],
          "private": "eyJlMmJmYjczMC1lY2FhLTExZTYtOGY4OC0zNDM2M2JjN2M0YzAiOnsiY3JlYXRlIjozMDAwMDAwMDAwMDAsImRlbGV0ZSI6MzAwMDAwMDAwMDAwLCJ1cGRhdGUiOjEyMDAwMDAwMDAwMH19",
          "dependencies": [
            "aws_internet_gateway.internet_gateway",
            "aws_vpc.public_vpc",
            "data.aws_region.current",
            "data.aws_vpc_ipam_pool.fugropublicpool",
            "data.aws_vpc_ipam_preview_next_cidr.previewcidr"
          ]
        }
      ]
    },
    {
      "mode": "managed",
      "type": "aws_subnet",
      "name": "private_subnets",
      "provider": "provider[\"registry.terraform.io/hashicorp/aws\"]",
      "instances": [
        {
          "index_key": "eu-west-1a",
          "schema_version": 1,
          "attributes": {
            "arn": "arn:aws:ec2:eu-west-1:335184790956:subnet/subnet-0900bbb0c46d4d740",
            "assign_ipv6_address_on_creation": false,
            "availability_zone": "eu-west-1a",
            "availability_zone_id": "euw1-az2",
            "cidr_block": "10.0.5.0/26",
            "customer_owned_ipv4_pool": "",
            "enable_dns64": false,
            "enable_lni_at_device_index": 0,
            "enable_resource_name_dns_a_record_on_launch": false,
            "enable_resource_name_dns_aaaa_record_on_launch": false,
            "id": "subnet-0900bbb0c46d4d740",
            "ipv6_cidr_block": "",
            "ipv6_cidr_block_association_id": "",
            "ipv6_native": false,
            "map_customer_owned_ip_on_launch": false,
            "map_public_ip_on_launch": false,
            "outpost_arn": "",
            "owner_id": "335184790956",
            "private_dns_hostname_type_on_launch": "ip-name",
            "tags": {
              "Name": "private-subnet-eu-west-1a"
            },
            "tags_all": {
              "Name": "private-subnet-eu-west-1a",
              "environment": "Dev",
              "purpose": "tf-engine"
            },
            "timeouts": null,
            "vpc_id": "vpc-020998d3fa3a78620"
          },
          "sensitive_attributes": [],
          "private": "eyJlMmJmYjczMC1lY2FhLTExZTYtOGY4OC0zNDM2M2JjN2M0YzAiOnsiY3JlYXRlIjo2MDAwMDAwMDAwMDAsImRlbGV0ZSI6MTIwMDAwMDAwMDAwMH0sInNjaGVtYV92ZXJzaW9uIjoiMSJ9",
          "dependencies": [
            "aws_vpc.public_vpc",
            "data.aws_availability_zones.current",
            "data.aws_region.current",
            "data.aws_vpc_ipam_pool.fugropublicpool",
            "data.aws_vpc_ipam_preview_next_cidr.previewcidr"
          ]
        },
        {
          "index_key": "eu-west-1b",
          "schema_version": 1,
          "attributes": {
            "arn": "arn:aws:ec2:eu-west-1:335184790956:subnet/subnet-05049e8b20c4c93c9",
            "assign_ipv6_address_on_creation": false,
            "availability_zone": "eu-west-1b",
            "availability_zone_id": "euw1-az3",
            "cidr_block": "10.0.5.64/27",
            "customer_owned_ipv4_pool": "",
            "enable_dns64": false,
            "enable_lni_at_device_index": 0,
            "enable_resource_name_dns_a_record_on_launch": false,
            "enable_resource_name_dns_aaaa_record_on_launch": false,
            "id": "subnet-05049e8b20c4c93c9",
            "ipv6_cidr_block": "",
            "ipv6_cidr_block_association_id": "",
            "ipv6_native": false,
            "map_customer_owned_ip_on_launch": false,
            "map_public_ip_on_launch": false,
            "outpost_arn": "",
            "owner_id": "335184790956",
            "private_dns_hostname_type_on_launch": "ip-name",
            "tags": {
              "Name": "private-subnet-eu-west-1b"
            },
            "tags_all": {
              "Name": "private-subnet-eu-west-1b",
              "environment": "Dev",
              "purpose": "tf-engine"
            },
            "timeouts": null,
            "vpc_id": "vpc-020998d3fa3a78620"
          },
          "sensitive_attributes": [],
          "private": "eyJlMmJmYjczMC1lY2FhLTExZTYtOGY4OC0zNDM2M2JjN2M0YzAiOnsiY3JlYXRlIjo2MDAwMDAwMDAwMDAsImRlbGV0ZSI6MTIwMDAwMDAwMDAwMH0sInNjaGVtYV92ZXJzaW9uIjoiMSJ9",
          "dependencies": [
            "aws_vpc.public_vpc",
            "data.aws_availability_zones.current",
            "data.aws_region.current",
            "data.aws_vpc_ipam_pool.fugropublicpool",
            "data.aws_vpc_ipam_preview_next_cidr.previewcidr"
          ]
        },
        {
          "index_key": "eu-west-1c",
          "schema_version": 1,
          "attributes": {
            "arn": "arn:aws:ec2:eu-west-1:335184790956:subnet/subnet-048f1a0281baef0b3",
            "assign_ipv6_address_on_creation": false,
            "availability_zone": "eu-west-1c",
            "availability_zone_id": "euw1-az1",
            "cidr_block": "10.0.5.96/27",
            "customer_owned_ipv4_pool": "",
            "enable_dns64": false,
            "enable_lni_at_device_index": 0,
            "enable_resource_name_dns_a_record_on_launch": false,
            "enable_resource_name_dns_aaaa_record_on_launch": false,
            "id": "subnet-048f1a0281baef0b3",
            "ipv6_cidr_block": "",
            "ipv6_cidr_block_association_id": "",
            "ipv6_native": false,
            "map_customer_owned_ip_on_launch": false,
            "map_public_ip_on_launch": false,
            "outpost_arn": "",
            "owner_id": "335184790956",
            "private_dns_hostname_type_on_launch": "ip-name",
            "tags": {
              "Name": "private-subnet-eu-west-1c"
            },
            "tags_all": {
              "Name": "private-subnet-eu-west-1c",
              "environment": "Dev",
              "purpose": "tf-engine"
            },
            "timeouts": null,
            "vpc_id": "vpc-020998d3fa3a78620"
          },
          "sensitive_attributes": [],
          "private": "eyJlMmJmYjczMC1lY2FhLTExZTYtOGY4OC0zNDM2M2JjN2M0YzAiOnsiY3JlYXRlIjo2MDAwMDAwMDAwMDAsImRlbGV0ZSI6MTIwMDAwMDAwMDAwMH0sInNjaGVtYV92ZXJzaW9uIjoiMSJ9",
          "dependencies": [
            "aws_vpc.public_vpc",
            "data.aws_availability_zones.current",
            "data.aws_region.current",
            "data.aws_vpc_ipam_pool.fugropublicpool",
            "data.aws_vpc_ipam_preview_next_cidr.previewcidr"
          ]
        }
      ]
    },
    {
      "mode": "managed",
      "type": "aws_subnet",
      "name": "public_subnets",
      "provider": "provider[\"registry.terraform.io/hashicorp/aws\"]",
      "instances": [
        {
          "index_key": "eu-west-1a",
          "schema_version": 1,
          "attributes": {
            "arn": "arn:aws:ec2:eu-west-1:335184790956:subnet/subnet-0b260a8dec1c52963",
            "assign_ipv6_address_on_creation": false,
            "availability_zone": "eu-west-1a",
            "availability_zone_id": "euw1-az2",
            "cidr_block": "10.0.5.128/26",
            "customer_owned_ipv4_pool": "",
            "enable_dns64": false,
            "enable_lni_at_device_index": 0,
            "enable_resource_name_dns_a_record_on_launch": false,
            "enable_resource_name_dns_aaaa_record_on_launch": false,
            "id": "subnet-0b260a8dec1c52963",
            "ipv6_cidr_block": "",
            "ipv6_cidr_block_association_id": "",
            "ipv6_native": false,
            "map_customer_owned_ip_on_launch": false,
            "map_public_ip_on_launch": false,
            "outpost_arn": "",
            "owner_id": "335184790956",
            "private_dns_hostname_type_on_launch": "ip-name",
            "tags": {
              "Name": "public-subnet-eu-west-1a"
            },
            "tags_all": {
              "Name": "public-subnet-eu-west-1a",
              "environment": "Dev",
              "purpose": "tf-engine"
            },
            "timeouts": null,
            "vpc_id": "vpc-020998d3fa3a78620"
          },
          "sensitive_attributes": [],
          "private": "eyJlMmJmYjczMC1lY2FhLTExZTYtOGY4OC0zNDM2M2JjN2M0YzAiOnsiY3JlYXRlIjo2MDAwMDAwMDAwMDAsImRlbGV0ZSI6MTIwMDAwMDAwMDAwMH0sInNjaGVtYV92ZXJzaW9uIjoiMSJ9",
          "dependencies": [
            "aws_vpc.public_vpc",
            "data.aws_availability_zones.current",
            "data.aws_region.current",
            "data.aws_vpc_ipam_pool.fugropublicpool",
            "data.aws_vpc_ipam_preview_next_cidr.previewcidr"
          ]
        },
        {
          "index_key": "eu-west-1b",
          "schema_version": 1,
          "attributes": {
            "arn": "arn:aws:ec2:eu-west-1:335184790956:subnet/subnet-0684fed3fb48e31fd",
            "assign_ipv6_address_on_creation": false,
            "availability_zone": "eu-west-1b",
            "availability_zone_id": "euw1-az3",
            "cidr_block": "10.0.5.192/27",
            "customer_owned_ipv4_pool": "",
            "enable_dns64": false,
            "enable_lni_at_device_index": 0,
            "enable_resource_name_dns_a_record_on_launch": false,
            "enable_resource_name_dns_aaaa_record_on_launch": false,
            "id": "subnet-0684fed3fb48e31fd",
            "ipv6_cidr_block": "",
            "ipv6_cidr_block_association_id": "",
            "ipv6_native": false,
            "map_customer_owned_ip_on_launch": false,
            "map_public_ip_on_launch": false,
            "outpost_arn": "",
            "owner_id": "335184790956",
            "private_dns_hostname_type_on_launch": "ip-name",
            "tags": {
              "Name": "public-subnet-eu-west-1b"
            },
            "tags_all": {
              "Name": "public-subnet-eu-west-1b",
              "environment": "Dev",
              "purpose": "tf-engine"
            },
            "timeouts": null,
            "vpc_id": "vpc-020998d3fa3a78620"
          },
          "sensitive_attributes": [],
          "private": "eyJlMmJmYjczMC1lY2FhLTExZTYtOGY4OC0zNDM2M2JjN2M0YzAiOnsiY3JlYXRlIjo2MDAwMDAwMDAwMDAsImRlbGV0ZSI6MTIwMDAwMDAwMDAwMH0sInNjaGVtYV92ZXJzaW9uIjoiMSJ9",
          "dependencies": [
            "aws_vpc.public_vpc",
            "data.aws_availability_zones.current",
            "data.aws_region.current",
            "data.aws_vpc_ipam_pool.fugropublicpool",
            "data.aws_vpc_ipam_preview_next_cidr.previewcidr"
          ]
        },
        {
          "index_key": "eu-west-1c",
          "schema_version": 1,
          "attributes": {
            "arn": "arn:aws:ec2:eu-west-1:335184790956:subnet/subnet-07581515a290292c9",
            "assign_ipv6_address_on_creation": false,
            "availability_zone": "eu-west-1c",
            "availability_zone_id": "euw1-az1",
            "cidr_block": "10.0.5.224/27",
            "customer_owned_ipv4_pool": "",
            "enable_dns64": false,
            "enable_lni_at_device_index": 0,
            "enable_resource_name_dns_a_record_on_launch": false,
            "enable_resource_name_dns_aaaa_record_on_launch": false,
            "id": "subnet-07581515a290292c9",
            "ipv6_cidr_block": "",
            "ipv6_cidr_block_association_id": "",
            "ipv6_native": false,
            "map_customer_owned_ip_on_launch": false,
            "map_public_ip_on_launch": false,
            "outpost_arn": "",
            "owner_id": "335184790956",
            "private_dns_hostname_type_on_launch": "ip-name",
            "tags": {
              "Name": "public-subnet-eu-west-1c"
            },
            "tags_all": {
              "Name": "public-subnet-eu-west-1c",
              "environment": "Dev",
              "purpose": "tf-engine"
            },
            "timeouts": null,
            "vpc_id": "vpc-020998d3fa3a78620"
          },
          "sensitive_attributes": [],
          "private": "eyJlMmJmYjczMC1lY2FhLTExZTYtOGY4OC0zNDM2M2JjN2M0YzAiOnsiY3JlYXRlIjo2MDAwMDAwMDAwMDAsImRlbGV0ZSI6MTIwMDAwMDAwMDAwMH0sInNjaGVtYV92ZXJzaW9uIjoiMSJ9",
          "dependencies": [
            "aws_vpc.public_vpc",
            "data.aws_availability_zones.current",
            "data.aws_region.current",
            "data.aws_vpc_ipam_pool.fugropublicpool",
            "data.aws_vpc_ipam_preview_next_cidr.previewcidr"
          ]
        }
      ]
    },
    {
      "mode": "managed",
      "type": "aws_vpc",
      "name": "public_vpc",
      "provider": "provider[\"registry.terraform.io/hashicorp/aws\"]",
      "instances": [
        {
          "schema_version": 1,
          "attributes": {
            "arn": "arn:aws:ec2:eu-west-1:335184790956:vpc/vpc-020998d3fa3a78620",
            "assign_generated_ipv6_cidr_block": false,
            "cidr_block": "10.0.5.0/24",
            "default_network_acl_id": "acl-0a0e86031f199b68f",
            "default_route_table_id": "rtb-094f0d0b63aa20daf",
            "default_security_group_id": "sg-035eccd4b0903afe1",
            "dhcp_options_id": "dopt-0b22e4dfec27345bc",
            "enable_dns_hostnames": true,
            "enable_dns_support": true,
            "enable_network_address_usage_metrics": false,
            "id": "vpc-020998d3fa3a78620",
            "instance_tenancy": "default",
            "ipv4_ipam_pool_id": null,
            "ipv4_netmask_length": null,
            "ipv6_association_id": "",
            "ipv6_cidr_block": "",
            "ipv6_cidr_block_network_border_group": "",
            "ipv6_ipam_pool_id": "",
            "ipv6_netmask_length": 0,
            "main_route_table_id": "rtb-094f0d0b63aa20daf",
            "owner_id": "335184790956",
            "tags": {
              "Name": "testpublic"
            },
            "tags_all": {
              "Name": "testpublic",
              "environment": "Dev",
              "purpose": "tf-engine"
            }
          },
          "sensitive_attributes": [],
          "private": "eyJzY2hlbWFfdmVyc2lvbiI6IjEifQ==",
          "dependencies": [
            "data.aws_region.current",
            "data.aws_vpc_ipam_pool.fugropublicpool",
            "data.aws_vpc_ipam_preview_next_cidr.previewcidr"
          ]
        }
      ]
    }
  ],
  "check_results": [
    {
      "object_kind": "var",
      "config_addr": "var.netmask",
      "status": "pass",
      "objects": [
        {
          "object_addr": "var.netmask",
          "status": "pass"
        }
      ]
    }
  ]
}
